// !$*UTF8*$!
{
	archiveVersion = 1;
	classes = {
	};
	objectVersion = 51;
	objects = {

/* Begin PBXBuildFile section */
		1D82212881CAAD8980E5687B /* Pods_BuildBack.framework in Frameworks */ = {isa = PBXBuildFile; fileRef = C4C9B8F24ADB0B22E318815C /* Pods_BuildBack.framework */; };
		2E33A9D124A64EB100C5D456 /* BusinessManager.swift in Sources */ = {isa = PBXBuildFile; fileRef = 2E33A9D024A64EB100C5D456 /* BusinessManager.swift */; };
		2E33A9D324A690A700C5D456 /* BusinessModel.swift in Sources */ = {isa = PBXBuildFile; fileRef = 2E6F14E6248961E000198C71 /* BusinessModel.swift */; };
		2E33AA1224A695FD00C5D456 /* AuthenticationSession.swift in Sources */ = {isa = PBXBuildFile; fileRef = 2E9BF88E2488480F0032B61C /* AuthenticationSession.swift */; };
		2E33AA1324A695FD00C5D456 /* DataBaseService.swift in Sources */ = {isa = PBXBuildFile; fileRef = 2E6F14E8248C473600198C71 /* DataBaseService.swift */; };
		2E33AA1424A695FD00C5D456 /* BusinessManager.swift in Sources */ = {isa = PBXBuildFile; fileRef = 2E33A9D024A64EB100C5D456 /* BusinessManager.swift */; };
		2E33AA1524A695FD00C5D456 /* UserModel.swift in Sources */ = {isa = PBXBuildFile; fileRef = 2E6F14E4248961C700198C71 /* UserModel.swift */; };
		2E33AA1624A695FD00C5D456 /* CircularShadowedButton.swift in Sources */ = {isa = PBXBuildFile; fileRef = 2E6444B2248309AD00663B77 /* CircularShadowedButton.swift */; };
		2E33AA1724A695FD00C5D456 /* CircularImageView.swift in Sources */ = {isa = PBXBuildFile; fileRef = 2ED12FBB2497F013005A8706 /* CircularImageView.swift */; };
		2E33AA1824A695FD00C5D456 /* CurvedView.swift in Sources */ = {isa = PBXBuildFile; fileRef = 2ED12FBF24982DE4005A8706 /* CurvedView.swift */; };
		2E33AA1924A695FD00C5D456 /* RoundedCornerButton.swift in Sources */ = {isa = PBXBuildFile; fileRef = 2E6444B42483216000663B77 /* RoundedCornerButton.swift */; };
		2E33AA1A24A695FD00C5D456 /* EmptyView.swift in Sources */ = {isa = PBXBuildFile; fileRef = 2E9BF88B248846110032B61C /* EmptyView.swift */; };
		2E33AA1C24A695FD00C5D456 /* UserProfileViewController.swift in Sources */ = {isa = PBXBuildFile; fileRef = 2E9BF889248845540032B61C /* UserProfileViewController.swift */; };
		2E33AA1D24A695FD00C5D456 /* HeaderView.swift in Sources */ = {isa = PBXBuildFile; fileRef = 2ED12FBD24982B45005A8706 /* HeaderView.swift */; };
		2E33AA1E24A695FD00C5D456 /* ProfileCell.swift in Sources */ = {isa = PBXBuildFile; fileRef = 2E6F14E12489594E00198C71 /* ProfileCell.swift */; };
		2E33AA1F24A695FD00C5D456 /* ViewController.swift in Sources */ = {isa = PBXBuildFile; fileRef = 2EF9E81A2476F49F00E122B8 /* ViewController.swift */; };
		2E33AA2024A695FD00C5D456 /* AppDelegate.swift in Sources */ = {isa = PBXBuildFile; fileRef = 2EF9E8162476F49F00E122B8 /* AppDelegate.swift */; };
		2E33AA2124A695FD00C5D456 /* SceneDelegate.swift in Sources */ = {isa = PBXBuildFile; fileRef = 2EF9E8182476F49F00E122B8 /* SceneDelegate.swift */; };
		2E3445CE24F80F68005A51C4 /* Donate.storyboard in Resources */ = {isa = PBXBuildFile; fileRef = 2E3445CD24F80F68005A51C4 /* Donate.storyboard */; };
		2E3445D024F8127B005A51C4 /* ConfettiViewController.swift in Sources */ = {isa = PBXBuildFile; fileRef = 2E3445CF24F8127B005A51C4 /* ConfettiViewController.swift */; };
		2E3445D224F81293005A51C4 /* DonateViewController.swift in Sources */ = {isa = PBXBuildFile; fileRef = 2E3445D124F81293005A51C4 /* DonateViewController.swift */; };
		2E3445D424F81DCC005A51C4 /* DrawerDetailViewController.xib in Resources */ = {isa = PBXBuildFile; fileRef = 2E3445D324F81DCC005A51C4 /* DrawerDetailViewController.xib */; };
		2E3445D624F84B53005A51C4 /* DrawerDetailViewController.swift in Sources */ = {isa = PBXBuildFile; fileRef = 2E3445D524F84B53005A51C4 /* DrawerDetailViewController.swift */; };
		2E507624249A3E8800510691 /* buildBack.gif in Resources */ = {isa = PBXBuildFile; fileRef = 2E507623249A3E8800510691 /* buildBack.gif */; };
		2E507625249A3E8800510691 /* buildBack.gif in Resources */ = {isa = PBXBuildFile; fileRef = 2E507623249A3E8800510691 /* buildBack.gif */; };
		2E507627249AC0C100510691 /* StorageService.swift in Sources */ = {isa = PBXBuildFile; fileRef = 2E507626249AC0C000510691 /* StorageService.swift */; };
		2E507628249AC0C100510691 /* StorageService.swift in Sources */ = {isa = PBXBuildFile; fileRef = 2E507626249AC0C000510691 /* StorageService.swift */; };
		2E6444B02483054A00663B77 /* UnderlinedTextfield.swift in Sources */ = {isa = PBXBuildFile; fileRef = 2E6444AF2483054A00663B77 /* UnderlinedTextfield.swift */; };
		2E6444B12483093D00663B77 /* UnderlinedTextfield.swift in Sources */ = {isa = PBXBuildFile; fileRef = 2E6444AF2483054A00663B77 /* UnderlinedTextfield.swift */; };
		2E6444B3248309AD00663B77 /* CircularShadowedButton.swift in Sources */ = {isa = PBXBuildFile; fileRef = 2E6444B2248309AD00663B77 /* CircularShadowedButton.swift */; };
		2E6444B52483216000663B77 /* RoundedCornerButton.swift in Sources */ = {isa = PBXBuildFile; fileRef = 2E6444B42483216000663B77 /* RoundedCornerButton.swift */; };
		2E6F14E02489592D00198C71 /* ProfileCell.xib in Resources */ = {isa = PBXBuildFile; fileRef = 2E6F14DF2489592D00198C71 /* ProfileCell.xib */; };
		2E6F14E22489594E00198C71 /* ProfileCell.swift in Sources */ = {isa = PBXBuildFile; fileRef = 2E6F14E12489594E00198C71 /* ProfileCell.swift */; };
		2E6F14E5248961C700198C71 /* UserModel.swift in Sources */ = {isa = PBXBuildFile; fileRef = 2E6F14E4248961C700198C71 /* UserModel.swift */; };
		2E6F14E7248961E000198C71 /* BusinessModel.swift in Sources */ = {isa = PBXBuildFile; fileRef = 2E6F14E6248961E000198C71 /* BusinessModel.swift */; };
		2E6F14E9248C473700198C71 /* DataBaseService.swift in Sources */ = {isa = PBXBuildFile; fileRef = 2E6F14E8248C473600198C71 /* DataBaseService.swift */; };
		2E6F14F0248C56BD00198C71 /* BusinessDisplayTableViewCell.swift in Sources */ = {isa = PBXBuildFile; fileRef = 2E6F14EE248C56BD00198C71 /* BusinessDisplayTableViewCell.swift */; };
		2E6F14F1248C56BD00198C71 /* BusinessDisplayTableViewCell.xib in Resources */ = {isa = PBXBuildFile; fileRef = 2E6F14EF248C56BD00198C71 /* BusinessDisplayTableViewCell.xib */; };
		2E7847DA24A3F896006E85D2 /* OnBoardingScreen.storyboard in Resources */ = {isa = PBXBuildFile; fileRef = 2E7847D924A3F896006E85D2 /* OnBoardingScreen.storyboard */; };
		2E8B5963247FC9EF00D916FF /* GoogleService-Info.plist in Resources */ = {isa = PBXBuildFile; fileRef = 2E8B5962247FC9EF00D916FF /* GoogleService-Info.plist */; };
		2E8B5964247FC9EF00D916FF /* GoogleService-Info.plist in Resources */ = {isa = PBXBuildFile; fileRef = 2E8B5962247FC9EF00D916FF /* GoogleService-Info.plist */; };
		2E8B5967247FCAAB00D916FF /* Assets.xcassets in Resources */ = {isa = PBXBuildFile; fileRef = 2E8B5966247FCAAB00D916FF /* Assets.xcassets */; };
		2E8B5968247FCAAB00D916FF /* Assets.xcassets in Resources */ = {isa = PBXBuildFile; fileRef = 2E8B5966247FCAAB00D916FF /* Assets.xcassets */; };
		2E8B596C247FD20400D916FF /* InitialViewController.swift in Sources */ = {isa = PBXBuildFile; fileRef = 2E8B596B247FD20400D916FF /* InitialViewController.swift */; };
		2E8B596D247FD20400D916FF /* InitialViewController.swift in Sources */ = {isa = PBXBuildFile; fileRef = 2E8B596B247FD20400D916FF /* InitialViewController.swift */; };
		2E8B5970247FD29F00D916FF /* InitialView.swift in Sources */ = {isa = PBXBuildFile; fileRef = 2E8B596F247FD29F00D916FF /* InitialView.swift */; };
		2E8B5971247FD29F00D916FF /* InitialView.swift in Sources */ = {isa = PBXBuildFile; fileRef = 2E8B596F247FD29F00D916FF /* InitialView.swift */; };
		2E8B5974247FD32300D916FF /* UIView+Extensions.swift in Sources */ = {isa = PBXBuildFile; fileRef = 2E8B5973247FD32300D916FF /* UIView+Extensions.swift */; };
		2E8B5975247FD32300D916FF /* UIView+Extensions.swift in Sources */ = {isa = PBXBuildFile; fileRef = 2E8B5973247FD32300D916FF /* UIView+Extensions.swift */; };
		2E8B5977247FD39800D916FF /* Gif+Extension.swift in Sources */ = {isa = PBXBuildFile; fileRef = 2E8B5976247FD39800D916FF /* Gif+Extension.swift */; };
		2E8B5978247FD39800D916FF /* Gif+Extension.swift in Sources */ = {isa = PBXBuildFile; fileRef = 2E8B5976247FD39800D916FF /* Gif+Extension.swift */; };
		2E8B597A247FD40800D916FF /* LoginViewController.swift in Sources */ = {isa = PBXBuildFile; fileRef = 2E8B5979247FD40800D916FF /* LoginViewController.swift */; };
		2E8B597B247FD40800D916FF /* LoginViewController.swift in Sources */ = {isa = PBXBuildFile; fileRef = 2E8B5979247FD40800D916FF /* LoginViewController.swift */; };
		2E8B597E247FD46B00D916FF /* LoginView.storyboard in Resources */ = {isa = PBXBuildFile; fileRef = 2E8B597D247FD46B00D916FF /* LoginView.storyboard */; };
		2E8B597F247FD46B00D916FF /* LoginView.storyboard in Resources */ = {isa = PBXBuildFile; fileRef = 2E8B597D247FD46B00D916FF /* LoginView.storyboard */; };
		2E8B5981247FD55600D916FF /* DesignableView.swift in Sources */ = {isa = PBXBuildFile; fileRef = 2E8B5980247FD55600D916FF /* DesignableView.swift */; };
		2E8B5982247FD55600D916FF /* DesignableView.swift in Sources */ = {isa = PBXBuildFile; fileRef = 2E8B5980247FD55600D916FF /* DesignableView.swift */; };
		2E8B5984247FD73700D916FF /* TabBarViewController.swift in Sources */ = {isa = PBXBuildFile; fileRef = 2E8B5983247FD73700D916FF /* TabBarViewController.swift */; };
		2E8B5985247FD73700D916FF /* TabBarViewController.swift in Sources */ = {isa = PBXBuildFile; fileRef = 2E8B5983247FD73700D916FF /* TabBarViewController.swift */; };
		2E8B598A247FD77700D916FF /* MainView.storyboard in Resources */ = {isa = PBXBuildFile; fileRef = 2E8B5989247FD77700D916FF /* MainView.storyboard */; };
		2E8B598B247FD77700D916FF /* MainView.storyboard in Resources */ = {isa = PBXBuildFile; fileRef = 2E8B5989247FD77700D916FF /* MainView.storyboard */; };
		2E8B598D2480032600D916FF /* ProfileViewController.swift in Sources */ = {isa = PBXBuildFile; fileRef = 2E8B598C2480032600D916FF /* ProfileViewController.swift */; };
		2E8B598E2480032600D916FF /* ProfileViewController.swift in Sources */ = {isa = PBXBuildFile; fileRef = 2E8B598C2480032600D916FF /* ProfileViewController.swift */; };
		2E8B59902480037400D916FF /* BusinessViewController.swift in Sources */ = {isa = PBXBuildFile; fileRef = 2E8B598F2480037400D916FF /* BusinessViewController.swift */; };
		2E8B59D12482F6C700D916FF /* AppColors.swift in Sources */ = {isa = PBXBuildFile; fileRef = 2E8B59D02482F6C700D916FF /* AppColors.swift */; };
		2E8B59D22482F6C700D916FF /* AppColors.swift in Sources */ = {isa = PBXBuildFile; fileRef = 2E8B59D02482F6C700D916FF /* AppColors.swift */; };
		2E9BF88A248845540032B61C /* UserProfileViewController.swift in Sources */ = {isa = PBXBuildFile; fileRef = 2E9BF889248845540032B61C /* UserProfileViewController.swift */; };
		2E9BF88C248846110032B61C /* EmptyView.swift in Sources */ = {isa = PBXBuildFile; fileRef = 2E9BF88B248846110032B61C /* EmptyView.swift */; };
		2E9BF88F2488480F0032B61C /* AuthenticationSession.swift in Sources */ = {isa = PBXBuildFile; fileRef = 2E9BF88E2488480F0032B61C /* AuthenticationSession.swift */; };
		2ED12FBC2497F013005A8706 /* CircularImageView.swift in Sources */ = {isa = PBXBuildFile; fileRef = 2ED12FBB2497F013005A8706 /* CircularImageView.swift */; };
		2ED12FBE24982B45005A8706 /* HeaderView.swift in Sources */ = {isa = PBXBuildFile; fileRef = 2ED12FBD24982B45005A8706 /* HeaderView.swift */; };
		2ED12FC024982DE4005A8706 /* CurvedView.swift in Sources */ = {isa = PBXBuildFile; fileRef = 2ED12FBF24982DE4005A8706 /* CurvedView.swift */; };
		2ED7E9AB24B609EB0043AE79 /* DetailView.storyboard in Resources */ = {isa = PBXBuildFile; fileRef = 2ED7E9AA24B609EB0043AE79 /* DetailView.storyboard */; };
		2ED7E9AD24B62FE10043AE79 /* DetailViewController.swift in Sources */ = {isa = PBXBuildFile; fileRef = 2ED7E9AC24B62FE10043AE79 /* DetailViewController.swift */; };
		2EF9E8172476F49F00E122B8 /* AppDelegate.swift in Sources */ = {isa = PBXBuildFile; fileRef = 2EF9E8162476F49F00E122B8 /* AppDelegate.swift */; };
		2EF9E8192476F49F00E122B8 /* SceneDelegate.swift in Sources */ = {isa = PBXBuildFile; fileRef = 2EF9E8182476F49F00E122B8 /* SceneDelegate.swift */; };
		2EF9E81B2476F49F00E122B8 /* ViewController.swift in Sources */ = {isa = PBXBuildFile; fileRef = 2EF9E81A2476F49F00E122B8 /* ViewController.swift */; };
		2EF9E8212476F49F00E122B8 /* BuildBack.xcdatamodeld in Sources */ = {isa = PBXBuildFile; fileRef = 2EF9E81F2476F49F00E122B8 /* BuildBack.xcdatamodeld */; };
		2EF9E8262476F4A300E122B8 /* LaunchScreen.storyboard in Resources */ = {isa = PBXBuildFile; fileRef = 2EF9E8242476F4A300E122B8 /* LaunchScreen.storyboard */; };
		2EF9E8312476F4A300E122B8 /* BuildBackTests.swift in Sources */ = {isa = PBXBuildFile; fileRef = 2EF9E8302476F4A300E122B8 /* BuildBackTests.swift */; };
		88810B1025425F4900496E4A /* IntroViewController.swift in Sources */ = {isa = PBXBuildFile; fileRef = 88810B0F25425F4900496E4A /* IntroViewController.swift */; };
		88810B142544D47200496E4A /* LoginViewRefactor.storyboard in Resources */ = {isa = PBXBuildFile; fileRef = 88810B132544D47200496E4A /* LoginViewRefactor.storyboard */; };
		88810B1825472E4F00496E4A /* SignUpInRefactorViewController.swift in Sources */ = {isa = PBXBuildFile; fileRef = 88810B1725472E4F00496E4A /* SignUpInRefactorViewController.swift */; };
		CF3707A9E18C3A2816A9FBB3 /* Pods_BuildBackTests.framework in Frameworks */ = {isa = PBXBuildFile; fileRef = B27F97A3647102560CE86BBB /* Pods_BuildBackTests.framework */; };
/* End PBXBuildFile section */

/* Begin PBXContainerItemProxy section */
		2EF9E82D2476F4A300E122B8 /* PBXContainerItemProxy */ = {
			isa = PBXContainerItemProxy;
			containerPortal = 2EF9E80B2476F49F00E122B8 /* Project object */;
			proxyType = 1;
			remoteGlobalIDString = 2EF9E8122476F49F00E122B8;
			remoteInfo = BuildBack;
		};
/* End PBXContainerItemProxy section */

/* Begin PBXFileReference section */
		2E33A9D024A64EB100C5D456 /* BusinessManager.swift */ = {isa = PBXFileReference; lastKnownFileType = sourcecode.swift; path = BusinessManager.swift; sourceTree = "<group>"; };
		2E3445CD24F80F68005A51C4 /* Donate.storyboard */ = {isa = PBXFileReference; lastKnownFileType = file.storyboard; path = Donate.storyboard; sourceTree = "<group>"; };
		2E3445CF24F8127B005A51C4 /* ConfettiViewController.swift */ = {isa = PBXFileReference; lastKnownFileType = sourcecode.swift; path = ConfettiViewController.swift; sourceTree = "<group>"; };
		2E3445D124F81293005A51C4 /* DonateViewController.swift */ = {isa = PBXFileReference; lastKnownFileType = sourcecode.swift; path = DonateViewController.swift; sourceTree = "<group>"; };
		2E3445D324F81DCC005A51C4 /* DrawerDetailViewController.xib */ = {isa = PBXFileReference; fileEncoding = 4; lastKnownFileType = file.xib; path = DrawerDetailViewController.xib; sourceTree = "<group>"; };
		2E3445D524F84B53005A51C4 /* DrawerDetailViewController.swift */ = {isa = PBXFileReference; lastKnownFileType = sourcecode.swift; path = DrawerDetailViewController.swift; sourceTree = "<group>"; };
		2E507623249A3E8800510691 /* buildBack.gif */ = {isa = PBXFileReference; lastKnownFileType = image.gif; path = buildBack.gif; sourceTree = "<group>"; };
		2E507626249AC0C000510691 /* StorageService.swift */ = {isa = PBXFileReference; lastKnownFileType = sourcecode.swift; path = StorageService.swift; sourceTree = "<group>"; };
		2E6444AF2483054A00663B77 /* UnderlinedTextfield.swift */ = {isa = PBXFileReference; lastKnownFileType = sourcecode.swift; path = UnderlinedTextfield.swift; sourceTree = "<group>"; };
		2E6444B2248309AD00663B77 /* CircularShadowedButton.swift */ = {isa = PBXFileReference; lastKnownFileType = sourcecode.swift; path = CircularShadowedButton.swift; sourceTree = "<group>"; };
		2E6444B42483216000663B77 /* RoundedCornerButton.swift */ = {isa = PBXFileReference; lastKnownFileType = sourcecode.swift; path = RoundedCornerButton.swift; sourceTree = "<group>"; };
		2E6F14DF2489592D00198C71 /* ProfileCell.xib */ = {isa = PBXFileReference; lastKnownFileType = file.xib; path = ProfileCell.xib; sourceTree = "<group>"; };
		2E6F14E12489594E00198C71 /* ProfileCell.swift */ = {isa = PBXFileReference; lastKnownFileType = sourcecode.swift; path = ProfileCell.swift; sourceTree = "<group>"; };
		2E6F14E4248961C700198C71 /* UserModel.swift */ = {isa = PBXFileReference; lastKnownFileType = sourcecode.swift; path = UserModel.swift; sourceTree = "<group>"; };
		2E6F14E6248961E000198C71 /* BusinessModel.swift */ = {isa = PBXFileReference; lastKnownFileType = sourcecode.swift; path = BusinessModel.swift; sourceTree = "<group>"; };
		2E6F14E8248C473600198C71 /* DataBaseService.swift */ = {isa = PBXFileReference; lastKnownFileType = sourcecode.swift; path = DataBaseService.swift; sourceTree = "<group>"; };
		2E6F14EE248C56BD00198C71 /* BusinessDisplayTableViewCell.swift */ = {isa = PBXFileReference; lastKnownFileType = sourcecode.swift; path = BusinessDisplayTableViewCell.swift; sourceTree = "<group>"; };
		2E6F14EF248C56BD00198C71 /* BusinessDisplayTableViewCell.xib */ = {isa = PBXFileReference; lastKnownFileType = file.xib; path = BusinessDisplayTableViewCell.xib; sourceTree = "<group>"; };
		2E7847D924A3F896006E85D2 /* OnBoardingScreen.storyboard */ = {isa = PBXFileReference; lastKnownFileType = file.storyboard; path = OnBoardingScreen.storyboard; sourceTree = "<group>"; };
		2E8B5962247FC9EF00D916FF /* GoogleService-Info.plist */ = {isa = PBXFileReference; fileEncoding = 4; lastKnownFileType = text.plist.xml; path = "GoogleService-Info.plist"; sourceTree = "<group>"; };
		2E8B5966247FCAAB00D916FF /* Assets.xcassets */ = {isa = PBXFileReference; lastKnownFileType = folder.assetcatalog; path = Assets.xcassets; sourceTree = "<group>"; };
		2E8B596B247FD20400D916FF /* InitialViewController.swift */ = {isa = PBXFileReference; lastKnownFileType = sourcecode.swift; path = InitialViewController.swift; sourceTree = "<group>"; };
		2E8B596F247FD29F00D916FF /* InitialView.swift */ = {isa = PBXFileReference; lastKnownFileType = sourcecode.swift; path = InitialView.swift; sourceTree = "<group>"; };
		2E8B5973247FD32300D916FF /* UIView+Extensions.swift */ = {isa = PBXFileReference; lastKnownFileType = sourcecode.swift; path = "UIView+Extensions.swift"; sourceTree = "<group>"; };
		2E8B5976247FD39800D916FF /* Gif+Extension.swift */ = {isa = PBXFileReference; lastKnownFileType = sourcecode.swift; path = "Gif+Extension.swift"; sourceTree = "<group>"; };
		2E8B5979247FD40800D916FF /* LoginViewController.swift */ = {isa = PBXFileReference; lastKnownFileType = sourcecode.swift; path = LoginViewController.swift; sourceTree = "<group>"; };
		2E8B597D247FD46B00D916FF /* LoginView.storyboard */ = {isa = PBXFileReference; lastKnownFileType = file.storyboard; path = LoginView.storyboard; sourceTree = "<group>"; };
		2E8B5980247FD55600D916FF /* DesignableView.swift */ = {isa = PBXFileReference; lastKnownFileType = sourcecode.swift; path = DesignableView.swift; sourceTree = "<group>"; };
		2E8B5983247FD73700D916FF /* TabBarViewController.swift */ = {isa = PBXFileReference; lastKnownFileType = sourcecode.swift; path = TabBarViewController.swift; sourceTree = "<group>"; };
		2E8B5989247FD77700D916FF /* MainView.storyboard */ = {isa = PBXFileReference; lastKnownFileType = file.storyboard; path = MainView.storyboard; sourceTree = "<group>"; };
		2E8B598C2480032600D916FF /* ProfileViewController.swift */ = {isa = PBXFileReference; lastKnownFileType = sourcecode.swift; path = ProfileViewController.swift; sourceTree = "<group>"; };
		2E8B598F2480037400D916FF /* BusinessViewController.swift */ = {isa = PBXFileReference; lastKnownFileType = sourcecode.swift; path = BusinessViewController.swift; sourceTree = "<group>"; };
		2E8B59D02482F6C700D916FF /* AppColors.swift */ = {isa = PBXFileReference; lastKnownFileType = sourcecode.swift; path = AppColors.swift; sourceTree = "<group>"; };
		2E9BF889248845540032B61C /* UserProfileViewController.swift */ = {isa = PBXFileReference; lastKnownFileType = sourcecode.swift; path = UserProfileViewController.swift; sourceTree = "<group>"; };
		2E9BF88B248846110032B61C /* EmptyView.swift */ = {isa = PBXFileReference; lastKnownFileType = sourcecode.swift; path = EmptyView.swift; sourceTree = "<group>"; };
		2E9BF88E2488480F0032B61C /* AuthenticationSession.swift */ = {isa = PBXFileReference; lastKnownFileType = sourcecode.swift; path = AuthenticationSession.swift; sourceTree = "<group>"; };
		2ED12FBB2497F013005A8706 /* CircularImageView.swift */ = {isa = PBXFileReference; lastKnownFileType = sourcecode.swift; path = CircularImageView.swift; sourceTree = "<group>"; };
		2ED12FBD24982B45005A8706 /* HeaderView.swift */ = {isa = PBXFileReference; lastKnownFileType = sourcecode.swift; path = HeaderView.swift; sourceTree = "<group>"; };
		2ED12FBF24982DE4005A8706 /* CurvedView.swift */ = {isa = PBXFileReference; lastKnownFileType = sourcecode.swift; path = CurvedView.swift; sourceTree = "<group>"; };
		2ED7E9AA24B609EB0043AE79 /* DetailView.storyboard */ = {isa = PBXFileReference; lastKnownFileType = file.storyboard; path = DetailView.storyboard; sourceTree = "<group>"; };
		2ED7E9AC24B62FE10043AE79 /* DetailViewController.swift */ = {isa = PBXFileReference; lastKnownFileType = sourcecode.swift; path = DetailViewController.swift; sourceTree = "<group>"; };
		2EF9E8132476F49F00E122B8 /* BuildBack.app */ = {isa = PBXFileReference; explicitFileType = wrapper.application; includeInIndex = 0; path = BuildBack.app; sourceTree = BUILT_PRODUCTS_DIR; };
		2EF9E8162476F49F00E122B8 /* AppDelegate.swift */ = {isa = PBXFileReference; lastKnownFileType = sourcecode.swift; path = AppDelegate.swift; sourceTree = "<group>"; };
		2EF9E8182476F49F00E122B8 /* SceneDelegate.swift */ = {isa = PBXFileReference; lastKnownFileType = sourcecode.swift; path = SceneDelegate.swift; sourceTree = "<group>"; };
		2EF9E81A2476F49F00E122B8 /* ViewController.swift */ = {isa = PBXFileReference; lastKnownFileType = sourcecode.swift; path = ViewController.swift; sourceTree = "<group>"; };
		2EF9E8202476F49F00E122B8 /* BuildBack.xcdatamodel */ = {isa = PBXFileReference; lastKnownFileType = wrapper.xcdatamodel; path = BuildBack.xcdatamodel; sourceTree = "<group>"; };
		2EF9E8252476F4A300E122B8 /* Base */ = {isa = PBXFileReference; lastKnownFileType = file.storyboard; name = Base; path = Base.lproj/LaunchScreen.storyboard; sourceTree = "<group>"; };
		2EF9E8272476F4A300E122B8 /* Info.plist */ = {isa = PBXFileReference; lastKnownFileType = text.plist.xml; path = Info.plist; sourceTree = "<group>"; };
		2EF9E82C2476F4A300E122B8 /* BuildBackTests.xctest */ = {isa = PBXFileReference; explicitFileType = wrapper.cfbundle; includeInIndex = 0; path = BuildBackTests.xctest; sourceTree = BUILT_PRODUCTS_DIR; };
		2EF9E8302476F4A300E122B8 /* BuildBackTests.swift */ = {isa = PBXFileReference; lastKnownFileType = sourcecode.swift; path = BuildBackTests.swift; sourceTree = "<group>"; };
		2EF9E8322476F4A300E122B8 /* Info.plist */ = {isa = PBXFileReference; lastKnownFileType = text.plist.xml; path = Info.plist; sourceTree = "<group>"; };
		88810B0F25425F4900496E4A /* IntroViewController.swift */ = {isa = PBXFileReference; lastKnownFileType = sourcecode.swift; path = IntroViewController.swift; sourceTree = "<group>"; };
		88810B132544D47200496E4A /* LoginViewRefactor.storyboard */ = {isa = PBXFileReference; lastKnownFileType = file.storyboard; path = LoginViewRefactor.storyboard; sourceTree = "<group>"; };
		88810B1725472E4F00496E4A /* SignUpInRefactorViewController.swift */ = {isa = PBXFileReference; lastKnownFileType = sourcecode.swift; path = SignUpInRefactorViewController.swift; sourceTree = "<group>"; };
		B27F97A3647102560CE86BBB /* Pods_BuildBackTests.framework */ = {isa = PBXFileReference; explicitFileType = wrapper.framework; includeInIndex = 0; path = Pods_BuildBackTests.framework; sourceTree = BUILT_PRODUCTS_DIR; };
		C4C9B8F24ADB0B22E318815C /* Pods_BuildBack.framework */ = {isa = PBXFileReference; explicitFileType = wrapper.framework; includeInIndex = 0; path = Pods_BuildBack.framework; sourceTree = BUILT_PRODUCTS_DIR; };
		CD458A4E7D97376DC7499C36 /* Pods-BuildBack.debug.xcconfig */ = {isa = PBXFileReference; includeInIndex = 1; lastKnownFileType = text.xcconfig; name = "Pods-BuildBack.debug.xcconfig"; path = "Target Support Files/Pods-BuildBack/Pods-BuildBack.debug.xcconfig"; sourceTree = "<group>"; };
		DB68E3FD786FB01C8CEA3F94 /* Pods-BuildBackTests.debug.xcconfig */ = {isa = PBXFileReference; includeInIndex = 1; lastKnownFileType = text.xcconfig; name = "Pods-BuildBackTests.debug.xcconfig"; path = "Target Support Files/Pods-BuildBackTests/Pods-BuildBackTests.debug.xcconfig"; sourceTree = "<group>"; };
		EBA8B3896F718719D5A71FC5 /* Pods-BuildBackTests.release.xcconfig */ = {isa = PBXFileReference; includeInIndex = 1; lastKnownFileType = text.xcconfig; name = "Pods-BuildBackTests.release.xcconfig"; path = "Target Support Files/Pods-BuildBackTests/Pods-BuildBackTests.release.xcconfig"; sourceTree = "<group>"; };
		F1FA372CAC67F163C0915C7F /* Pods-BuildBack.release.xcconfig */ = {isa = PBXFileReference; includeInIndex = 1; lastKnownFileType = text.xcconfig; name = "Pods-BuildBack.release.xcconfig"; path = "Target Support Files/Pods-BuildBack/Pods-BuildBack.release.xcconfig"; sourceTree = "<group>"; };
/* End PBXFileReference section */

/* Begin PBXFrameworksBuildPhase section */
		2EF9E8102476F49F00E122B8 /* Frameworks */ = {
			isa = PBXFrameworksBuildPhase;
			buildActionMask = 2147483647;
			files = (
				1D82212881CAAD8980E5687B /* Pods_BuildBack.framework in Frameworks */,
			);
			runOnlyForDeploymentPostprocessing = 0;
		};
		2EF9E8292476F4A300E122B8 /* Frameworks */ = {
			isa = PBXFrameworksBuildPhase;
			buildActionMask = 2147483647;
			files = (
				CF3707A9E18C3A2816A9FBB3 /* Pods_BuildBackTests.framework in Frameworks */,
			);
			runOnlyForDeploymentPostprocessing = 0;
		};
/* End PBXFrameworksBuildPhase section */

/* Begin PBXGroup section */
		2E3445CC24F80CCA005A51C4 /* Donate */ = {
			isa = PBXGroup;
			children = (
				2E3445CD24F80F68005A51C4 /* Donate.storyboard */,
				2E3445D124F81293005A51C4 /* DonateViewController.swift */,
				2E3445D524F84B53005A51C4 /* DrawerDetailViewController.swift */,
				2E3445CF24F8127B005A51C4 /* ConfettiViewController.swift */,
				2E3445D324F81DCC005A51C4 /* DrawerDetailViewController.xib */,
			);
			path = Donate;
			sourceTree = "<group>";
		};
		2E6F14E32489619D00198C71 /* Model */ = {
			isa = PBXGroup;
			children = (
				2E6F14E4248961C700198C71 /* UserModel.swift */,
				2E6F14E6248961E000198C71 /* BusinessModel.swift */,
			);
			path = Model;
			sourceTree = "<group>";
		};
		2E7847D824A3F852006E85D2 /* OnBoardng */ = {
			isa = PBXGroup;
			children = (
				2E7847D924A3F896006E85D2 /* OnBoardingScreen.storyboard */,
			);
			path = OnBoardng;
			sourceTree = "<group>";
		};
		2E8B5969247FD15A00D916FF /* SupportingFiles */ = {
			isa = PBXGroup;
			children = (
				2EF9E8162476F49F00E122B8 /* AppDelegate.swift */,
				2EF9E8182476F49F00E122B8 /* SceneDelegate.swift */,
			);
			path = SupportingFiles;
			sourceTree = "<group>";
		};
		2E8B596A247FD1AD00D916FF /* ViewControllers */ = {
			isa = PBXGroup;
			children = (
				2E8B5983247FD73700D916FF /* TabBarViewController.swift */,
				2EF9E81A2476F49F00E122B8 /* ViewController.swift */,
			);
			path = ViewControllers;
			sourceTree = "<group>";
		};
		2E8B596E247FD24200D916FF /* DesignedViews */ = {
			isa = PBXGroup;
			children = (
				2E8B59D02482F6C700D916FF /* AppColors.swift */,
				2E6444AF2483054A00663B77 /* UnderlinedTextfield.swift */,
				2E8B5980247FD55600D916FF /* DesignableView.swift */,
				2E6444B2248309AD00663B77 /* CircularShadowedButton.swift */,
				2ED12FBB2497F013005A8706 /* CircularImageView.swift */,
				2ED12FBF24982DE4005A8706 /* CurvedView.swift */,
				2E6444B42483216000663B77 /* RoundedCornerButton.swift */,
				2E9BF88B248846110032B61C /* EmptyView.swift */,
			);
			path = DesignedViews;
			sourceTree = "<group>";
		};
		2E8B5972247FD2E900D916FF /* Extensions */ = {
			isa = PBXGroup;
			children = (
				2E8B5973247FD32300D916FF /* UIView+Extensions.swift */,
				2E8B5976247FD39800D916FF /* Gif+Extension.swift */,
			);
			path = Extensions;
			sourceTree = "<group>";
		};
		2E8B597C247FD44500D916FF /* StoryBoards */ = {
			isa = PBXGroup;
			children = (
				2EF9E8242476F4A300E122B8 /* LaunchScreen.storyboard */,
				2E8B5989247FD77700D916FF /* MainView.storyboard */,
			);
			path = StoryBoards;
			sourceTree = "<group>";
		};
		2E9906E024C91F0E00982004 /* BusinessTableView */ = {
			isa = PBXGroup;
			children = (
				2E8B598F2480037400D916FF /* BusinessViewController.swift */,
				2E6F14EE248C56BD00198C71 /* BusinessDisplayTableViewCell.swift */,
				2E6F14EF248C56BD00198C71 /* BusinessDisplayTableViewCell.xib */,
				2ED7E9AE24B62FE80043AE79 /* DetailView */,
			);
			path = BusinessTableView;
			sourceTree = "<group>";
		};
		2E9BF8852487F73F0032B61C /* InitialView  */ = {
			isa = PBXGroup;
			children = (
				2E8B596B247FD20400D916FF /* InitialViewController.swift */,
				2E8B596F247FD29F00D916FF /* InitialView.swift */,
				2E507623249A3E8800510691 /* buildBack.gif */,
			);
			path = "InitialView ";
			sourceTree = "<group>";
		};
		2E9BF888248844E90032B61C /* UserProfile */ = {
			isa = PBXGroup;
			children = (
				2E9BF889248845540032B61C /* UserProfileViewController.swift */,
				2ED12FBD24982B45005A8706 /* HeaderView.swift */,
				2E6F14DF2489592D00198C71 /* ProfileCell.xib */,
				2E6F14E12489594E00198C71 /* ProfileCell.swift */,
				2E8B598C2480032600D916FF /* ProfileViewController.swift */,
			);
			path = UserProfile;
			sourceTree = "<group>";
		};
		2E9BF88D248847D20032B61C /* FireBase */ = {
			isa = PBXGroup;
			children = (
				2E9BF88E2488480F0032B61C /* AuthenticationSession.swift */,
				2E507626249AC0C000510691 /* StorageService.swift */,
				2E6F14E8248C473600198C71 /* DataBaseService.swift */,
				2E33A9D024A64EB100C5D456 /* BusinessManager.swift */,
			);
			path = FireBase;
			sourceTree = "<group>";
		};
		2E9BF89024884DC00032B61C /* Login */ = {
			isa = PBXGroup;
			children = (
				2E8B597D247FD46B00D916FF /* LoginView.storyboard */,
				2E8B5979247FD40800D916FF /* LoginViewController.swift */,
				88810B0F25425F4900496E4A /* IntroViewController.swift */,
				88810B1725472E4F00496E4A /* SignUpInRefactorViewController.swift */,
				88810B132544D47200496E4A /* LoginViewRefactor.storyboard */,
			);
			path = Login;
			sourceTree = "<group>";
		};
		2ED7E9AE24B62FE80043AE79 /* DetailView */ = {
			isa = PBXGroup;
			children = (
				2ED7E9AA24B609EB0043AE79 /* DetailView.storyboard */,
				2ED7E9AC24B62FE10043AE79 /* DetailViewController.swift */,
			);
			path = DetailView;
			sourceTree = "<group>";
		};
		2EF9E80A2476F49F00E122B8 = {
			isa = PBXGroup;
			children = (
				2EF9E8152476F49F00E122B8 /* BuildBack */,
				2EF9E82F2476F4A300E122B8 /* BuildBackTests */,
				2EF9E8142476F49F00E122B8 /* Products */,
				B0FB4E4AA8B50D6553883AFC /* Pods */,
				45FAF9F19E0C460CE70861AF /* Frameworks */,
			);
			sourceTree = "<group>";
		};
		2EF9E8142476F49F00E122B8 /* Products */ = {
			isa = PBXGroup;
			children = (
				2EF9E8132476F49F00E122B8 /* BuildBack.app */,
				2EF9E82C2476F4A300E122B8 /* BuildBackTests.xctest */,
			);
			name = Products;
			sourceTree = "<group>";
		};
		2EF9E8152476F49F00E122B8 /* BuildBack */ = {
			isa = PBXGroup;
			children = (
				2E9BF88D248847D20032B61C /* FireBase */,
				2E6F14E32489619D00198C71 /* Model */,
				2E8B5972247FD2E900D916FF /* Extensions */,
				2E8B597C247FD44500D916FF /* StoryBoards */,
				2E9BF89024884DC00032B61C /* Login */,
				2E7847D824A3F852006E85D2 /* OnBoardng */,
				2E9BF8852487F73F0032B61C /* InitialView  */,
				2E8B596E247FD24200D916FF /* DesignedViews */,
				2E9906E024C91F0E00982004 /* BusinessTableView */,
				2E3445CC24F80CCA005A51C4 /* Donate */,
				2E9BF888248844E90032B61C /* UserProfile */,
				2E8B596A247FD1AD00D916FF /* ViewControllers */,
				2E8B5969247FD15A00D916FF /* SupportingFiles */,
				2E8B5966247FCAAB00D916FF /* Assets.xcassets */,
				2EF9E8272476F4A300E122B8 /* Info.plist */,
				2EF9E81F2476F49F00E122B8 /* BuildBack.xcdatamodeld */,
			);
			path = BuildBack;
			sourceTree = "<group>";
		};
		2EF9E82F2476F4A300E122B8 /* BuildBackTests */ = {
			isa = PBXGroup;
			children = (
				2EF9E8302476F4A300E122B8 /* BuildBackTests.swift */,
				2EF9E8322476F4A300E122B8 /* Info.plist */,
				2E8B5962247FC9EF00D916FF /* GoogleService-Info.plist */,
			);
			path = BuildBackTests;
			sourceTree = "<group>";
		};
		45FAF9F19E0C460CE70861AF /* Frameworks */ = {
			isa = PBXGroup;
			children = (
				C4C9B8F24ADB0B22E318815C /* Pods_BuildBack.framework */,
				B27F97A3647102560CE86BBB /* Pods_BuildBackTests.framework */,
			);
			name = Frameworks;
			sourceTree = "<group>";
		};
		B0FB4E4AA8B50D6553883AFC /* Pods */ = {
			isa = PBXGroup;
			children = (
				CD458A4E7D97376DC7499C36 /* Pods-BuildBack.debug.xcconfig */,
				F1FA372CAC67F163C0915C7F /* Pods-BuildBack.release.xcconfig */,
				DB68E3FD786FB01C8CEA3F94 /* Pods-BuildBackTests.debug.xcconfig */,
				EBA8B3896F718719D5A71FC5 /* Pods-BuildBackTests.release.xcconfig */,
			);
			path = Pods;
			sourceTree = "<group>";
		};
/* End PBXGroup section */

/* Begin PBXNativeTarget section */
		2EF9E8122476F49F00E122B8 /* BuildBack */ = {
			isa = PBXNativeTarget;
			buildConfigurationList = 2EF9E8352476F4A300E122B8 /* Build configuration list for PBXNativeTarget "BuildBack" */;
			buildPhases = (
				26E54541A765E643577B1B94 /* [CP] Check Pods Manifest.lock */,
				2EF9E80F2476F49F00E122B8 /* Sources */,
				2EF9E8102476F49F00E122B8 /* Frameworks */,
				2EF9E8112476F49F00E122B8 /* Resources */,
				1F6D0147081BA14322BAA0FD /* [CP] Embed Pods Frameworks */,
			);
			buildRules = (
			);
			dependencies = (
			);
			name = BuildBack;
			packageProductDependencies = (
			);
			productName = BuildBack;
			productReference = 2EF9E8132476F49F00E122B8 /* BuildBack.app */;
			productType = "com.apple.product-type.application";
		};
		2EF9E82B2476F4A300E122B8 /* BuildBackTests */ = {
			isa = PBXNativeTarget;
			buildConfigurationList = 2EF9E8382476F4A300E122B8 /* Build configuration list for PBXNativeTarget "BuildBackTests" */;
			buildPhases = (
				D8909FB5901FD4AE2A994948 /* [CP] Check Pods Manifest.lock */,
				2EF9E8282476F4A300E122B8 /* Sources */,
				2EF9E8292476F4A300E122B8 /* Frameworks */,
				2EF9E82A2476F4A300E122B8 /* Resources */,
			);
			buildRules = (
			);
			dependencies = (
				2EF9E82E2476F4A300E122B8 /* PBXTargetDependency */,
			);
			name = BuildBackTests;
			productName = BuildBackTests;
			productReference = 2EF9E82C2476F4A300E122B8 /* BuildBackTests.xctest */;
			productType = "com.apple.product-type.bundle.unit-test";
		};
/* End PBXNativeTarget section */

/* Begin PBXProject section */
		2EF9E80B2476F49F00E122B8 /* Project object */ = {
			isa = PBXProject;
			attributes = {
				LastSwiftUpdateCheck = 1130;
				LastUpgradeCheck = 1130;
				ORGANIZATIONNAME = "Tanya Burke";
				TargetAttributes = {
					2EF9E8122476F49F00E122B8 = {
						CreatedOnToolsVersion = 11.3;
					};
					2EF9E82B2476F4A300E122B8 = {
						CreatedOnToolsVersion = 11.3;
						TestTargetID = 2EF9E8122476F49F00E122B8;
					};
				};
			};
			buildConfigurationList = 2EF9E80E2476F49F00E122B8 /* Build configuration list for PBXProject "BuildBack" */;
			compatibilityVersion = "Xcode 9.3";
			developmentRegion = en;
			hasScannedForEncodings = 0;
			knownRegions = (
				en,
				Base,
			);
			mainGroup = 2EF9E80A2476F49F00E122B8;
			packageReferences = (
			);
			productRefGroup = 2EF9E8142476F49F00E122B8 /* Products */;
			projectDirPath = "";
			projectRoot = "";
			targets = (
				2EF9E8122476F49F00E122B8 /* BuildBack */,
				2EF9E82B2476F4A300E122B8 /* BuildBackTests */,
			);
		};
/* End PBXProject section */

/* Begin PBXResourcesBuildPhase section */
		2EF9E8112476F49F00E122B8 /* Resources */ = {
			isa = PBXResourcesBuildPhase;
			buildActionMask = 2147483647;
			files = (
				2EF9E8262476F4A300E122B8 /* LaunchScreen.storyboard in Resources */,
				2E3445CE24F80F68005A51C4 /* Donate.storyboard in Resources */,
				2E8B597E247FD46B00D916FF /* LoginView.storyboard in Resources */,
				2E8B598A247FD77700D916FF /* MainView.storyboard in Resources */,
				2E507624249A3E8800510691 /* buildBack.gif in Resources */,
				88810B142544D47200496E4A /* LoginViewRefactor.storyboard in Resources */,
				2E6F14E02489592D00198C71 /* ProfileCell.xib in Resources */,
				2E3445D424F81DCC005A51C4 /* DrawerDetailViewController.xib in Resources */,
				2E7847DA24A3F896006E85D2 /* OnBoardingScreen.storyboard in Resources */,
				2E6F14F1248C56BD00198C71 /* BusinessDisplayTableViewCell.xib in Resources */,
				2E8B5963247FC9EF00D916FF /* GoogleService-Info.plist in Resources */,
				2ED7E9AB24B609EB0043AE79 /* DetailView.storyboard in Resources */,
				2E8B5967247FCAAB00D916FF /* Assets.xcassets in Resources */,
			);
			runOnlyForDeploymentPostprocessing = 0;
		};
		2EF9E82A2476F4A300E122B8 /* Resources */ = {
			isa = PBXResourcesBuildPhase;
			buildActionMask = 2147483647;
			files = (
				2E8B5968247FCAAB00D916FF /* Assets.xcassets in Resources */,
				2E8B5964247FC9EF00D916FF /* GoogleService-Info.plist in Resources */,
				2E507625249A3E8800510691 /* buildBack.gif in Resources */,
				2E8B598B247FD77700D916FF /* MainView.storyboard in Resources */,
				2E8B597F247FD46B00D916FF /* LoginView.storyboard in Resources */,
			);
			runOnlyForDeploymentPostprocessing = 0;
		};
/* End PBXResourcesBuildPhase section */

/* Begin PBXShellScriptBuildPhase section */
		1F6D0147081BA14322BAA0FD /* [CP] Embed Pods Frameworks */ = {
			isa = PBXShellScriptBuildPhase;
			buildActionMask = 2147483647;
			files = (
			);
			inputFileListPaths = (
				"${PODS_ROOT}/Target Support Files/Pods-BuildBack/Pods-BuildBack-frameworks-${CONFIGURATION}-input-files.xcfilelist",
			);
			name = "[CP] Embed Pods Frameworks";
			outputFileListPaths = (
				"${PODS_ROOT}/Target Support Files/Pods-BuildBack/Pods-BuildBack-frameworks-${CONFIGURATION}-output-files.xcfilelist",
			);
			runOnlyForDeploymentPostprocessing = 0;
			shellPath = /bin/sh;
			shellScript = "\"${PODS_ROOT}/Target Support Files/Pods-BuildBack/Pods-BuildBack-frameworks.sh\"\n";
			showEnvVarsInLog = 0;
		};
		26E54541A765E643577B1B94 /* [CP] Check Pods Manifest.lock */ = {
			isa = PBXShellScriptBuildPhase;
			buildActionMask = 2147483647;
			files = (
			);
			inputFileListPaths = (
			);
			inputPaths = (
				"${PODS_PODFILE_DIR_PATH}/Podfile.lock",
				"${PODS_ROOT}/Manifest.lock",
			);
			name = "[CP] Check Pods Manifest.lock";
			outputFileListPaths = (
			);
			outputPaths = (
				"$(DERIVED_FILE_DIR)/Pods-BuildBack-checkManifestLockResult.txt",
			);
			runOnlyForDeploymentPostprocessing = 0;
			shellPath = /bin/sh;
			shellScript = "diff \"${PODS_PODFILE_DIR_PATH}/Podfile.lock\" \"${PODS_ROOT}/Manifest.lock\" > /dev/null\nif [ $? != 0 ] ; then\n    # print error to STDERR\n    echo \"error: The sandbox is not in sync with the Podfile.lock. Run 'pod install' or update your CocoaPods installation.\" >&2\n    exit 1\nfi\n# This output is used by Xcode 'outputs' to avoid re-running this script phase.\necho \"SUCCESS\" > \"${SCRIPT_OUTPUT_FILE_0}\"\n";
			showEnvVarsInLog = 0;
		};
		D8909FB5901FD4AE2A994948 /* [CP] Check Pods Manifest.lock */ = {
			isa = PBXShellScriptBuildPhase;
			buildActionMask = 2147483647;
			files = (
			);
			inputFileListPaths = (
			);
			inputPaths = (
				"${PODS_PODFILE_DIR_PATH}/Podfile.lock",
				"${PODS_ROOT}/Manifest.lock",
			);
			name = "[CP] Check Pods Manifest.lock";
			outputFileListPaths = (
			);
			outputPaths = (
				"$(DERIVED_FILE_DIR)/Pods-BuildBackTests-checkManifestLockResult.txt",
			);
			runOnlyForDeploymentPostprocessing = 0;
			shellPath = /bin/sh;
			shellScript = "diff \"${PODS_PODFILE_DIR_PATH}/Podfile.lock\" \"${PODS_ROOT}/Manifest.lock\" > /dev/null\nif [ $? != 0 ] ; then\n    # print error to STDERR\n    echo \"error: The sandbox is not in sync with the Podfile.lock. Run 'pod install' or update your CocoaPods installation.\" >&2\n    exit 1\nfi\n# This output is used by Xcode 'outputs' to avoid re-running this script phase.\necho \"SUCCESS\" > \"${SCRIPT_OUTPUT_FILE_0}\"\n";
			showEnvVarsInLog = 0;
		};
/* End PBXShellScriptBuildPhase section */

/* Begin PBXSourcesBuildPhase section */
		2EF9E80F2476F49F00E122B8 /* Sources */ = {
			isa = PBXSourcesBuildPhase;
			buildActionMask = 2147483647;
			files = (
				2E8B597A247FD40800D916FF /* LoginViewController.swift in Sources */,
				2E8B5974247FD32300D916FF /* UIView+Extensions.swift in Sources */,
				2E8B5984247FD73700D916FF /* TabBarViewController.swift in Sources */,
				2E8B596C247FD20400D916FF /* InitialViewController.swift in Sources */,
				2EF9E81B2476F49F00E122B8 /* ViewController.swift in Sources */,
				2E9BF88C248846110032B61C /* EmptyView.swift in Sources */,
				2E6F14E22489594E00198C71 /* ProfileCell.swift in Sources */,
				2E8B59902480037400D916FF /* BusinessViewController.swift in Sources */,
				2EF9E8172476F49F00E122B8 /* AppDelegate.swift in Sources */,
				2E9BF88A248845540032B61C /* UserProfileViewController.swift in Sources */,
				2E6F14F0248C56BD00198C71 /* BusinessDisplayTableViewCell.swift in Sources */,
				2ED12FBC2497F013005A8706 /* CircularImageView.swift in Sources */,
				2E6F14E5248961C700198C71 /* UserModel.swift in Sources */,
				2E6444B3248309AD00663B77 /* CircularShadowedButton.swift in Sources */,
				2E8B598D2480032600D916FF /* ProfileViewController.swift in Sources */,
				2E33A9D124A64EB100C5D456 /* BusinessManager.swift in Sources */,
				2E8B5981247FD55600D916FF /* DesignableView.swift in Sources */,
				2E6F14E9248C473700198C71 /* DataBaseService.swift in Sources */,
				2E3445D624F84B53005A51C4 /* DrawerDetailViewController.swift in Sources */,
				2E3445D024F8127B005A51C4 /* ConfettiViewController.swift in Sources */,
				2E3445D224F81293005A51C4 /* DonateViewController.swift in Sources */,
				2E507627249AC0C100510691 /* StorageService.swift in Sources */,
				2ED7E9AD24B62FE10043AE79 /* DetailViewController.swift in Sources */,
				2E8B5977247FD39800D916FF /* Gif+Extension.swift in Sources */,
				2E8B5970247FD29F00D916FF /* InitialView.swift in Sources */,
				2ED12FBE24982B45005A8706 /* HeaderView.swift in Sources */,
				2E8B59D12482F6C700D916FF /* AppColors.swift in Sources */,
				2E6F14E7248961E000198C71 /* BusinessModel.swift in Sources */,
				2E6444B02483054A00663B77 /* UnderlinedTextfield.swift in Sources */,
				88810B1825472E4F00496E4A /* SignUpInRefactorViewController.swift in Sources */,
				2ED12FC024982DE4005A8706 /* CurvedView.swift in Sources */,
				88810B1025425F4900496E4A /* IntroViewController.swift in Sources */,
				2EF9E8192476F49F00E122B8 /* SceneDelegate.swift in Sources */,
				2E6444B52483216000663B77 /* RoundedCornerButton.swift in Sources */,
				2E9BF88F2488480F0032B61C /* AuthenticationSession.swift in Sources */,
				2EF9E8212476F49F00E122B8 /* BuildBack.xcdatamodeld in Sources */,
			);
			runOnlyForDeploymentPostprocessing = 0;
		};
		2EF9E8282476F4A300E122B8 /* Sources */ = {
			isa = PBXSourcesBuildPhase;
			buildActionMask = 2147483647;
			files = (
				2E33AA1224A695FD00C5D456 /* AuthenticationSession.swift in Sources */,
				2E33AA1324A695FD00C5D456 /* DataBaseService.swift in Sources */,
				2E33AA1424A695FD00C5D456 /* BusinessManager.swift in Sources */,
				2E33AA1524A695FD00C5D456 /* UserModel.swift in Sources */,
				2E33AA1624A695FD00C5D456 /* CircularShadowedButton.swift in Sources */,
				2E33AA1724A695FD00C5D456 /* CircularImageView.swift in Sources */,
				2E33AA1824A695FD00C5D456 /* CurvedView.swift in Sources */,
				2E33AA1924A695FD00C5D456 /* RoundedCornerButton.swift in Sources */,
				2E33AA1A24A695FD00C5D456 /* EmptyView.swift in Sources */,
				2E33AA1C24A695FD00C5D456 /* UserProfileViewController.swift in Sources */,
				2E33AA1D24A695FD00C5D456 /* HeaderView.swift in Sources */,
				2E33AA1E24A695FD00C5D456 /* ProfileCell.swift in Sources */,
				2E33AA1F24A695FD00C5D456 /* ViewController.swift in Sources */,
				2E33AA2024A695FD00C5D456 /* AppDelegate.swift in Sources */,
				2E33AA2124A695FD00C5D456 /* SceneDelegate.swift in Sources */,
				2E8B5985247FD73700D916FF /* TabBarViewController.swift in Sources */,
				2E33A9D324A690A700C5D456 /* BusinessModel.swift in Sources */,
				2E8B597B247FD40800D916FF /* LoginViewController.swift in Sources */,
				2E8B5978247FD39800D916FF /* Gif+Extension.swift in Sources */,
				2E6444B12483093D00663B77 /* UnderlinedTextfield.swift in Sources */,
				2E8B5982247FD55600D916FF /* DesignableView.swift in Sources */,
				2E8B59D22482F6C700D916FF /* AppColors.swift in Sources */,
				2E8B5971247FD29F00D916FF /* InitialView.swift in Sources */,
				2E507628249AC0C100510691 /* StorageService.swift in Sources */,
				2EF9E8312476F4A300E122B8 /* BuildBackTests.swift in Sources */,
				2E8B598E2480032600D916FF /* ProfileViewController.swift in Sources */,
				2E8B5975247FD32300D916FF /* UIView+Extensions.swift in Sources */,
				2E8B596D247FD20400D916FF /* InitialViewController.swift in Sources */,
			);
			runOnlyForDeploymentPostprocessing = 0;
		};
/* End PBXSourcesBuildPhase section */

/* Begin PBXTargetDependency section */
		2EF9E82E2476F4A300E122B8 /* PBXTargetDependency */ = {
			isa = PBXTargetDependency;
			target = 2EF9E8122476F49F00E122B8 /* BuildBack */;
			targetProxy = 2EF9E82D2476F4A300E122B8 /* PBXContainerItemProxy */;
		};
/* End PBXTargetDependency section */

/* Begin PBXVariantGroup section */
		2EF9E8242476F4A300E122B8 /* LaunchScreen.storyboard */ = {
			isa = PBXVariantGroup;
			children = (
				2EF9E8252476F4A300E122B8 /* Base */,
			);
			name = LaunchScreen.storyboard;
			sourceTree = "<group>";
		};
/* End PBXVariantGroup section */

/* Begin XCBuildConfiguration section */
		2EF9E8332476F4A300E122B8 /* Debug */ = {
			isa = XCBuildConfiguration;
			buildSettings = {
				ALWAYS_SEARCH_USER_PATHS = NO;
				CLANG_ANALYZER_NONNULL = YES;
				CLANG_ANALYZER_NUMBER_OBJECT_CONVERSION = YES_AGGRESSIVE;
				CLANG_CXX_LANGUAGE_STANDARD = "gnu++14";
				CLANG_CXX_LIBRARY = "libc++";
				CLANG_ENABLE_MODULES = YES;
				CLANG_ENABLE_OBJC_ARC = YES;
				CLANG_ENABLE_OBJC_WEAK = YES;
				CLANG_WARN_BLOCK_CAPTURE_AUTORELEASING = YES;
				CLANG_WARN_BOOL_CONVERSION = YES;
				CLANG_WARN_COMMA = YES;
				CLANG_WARN_CONSTANT_CONVERSION = YES;
				CLANG_WARN_DEPRECATED_OBJC_IMPLEMENTATIONS = YES;
				CLANG_WARN_DIRECT_OBJC_ISA_USAGE = YES_ERROR;
				CLANG_WARN_DOCUMENTATION_COMMENTS = YES;
				CLANG_WARN_EMPTY_BODY = YES;
				CLANG_WARN_ENUM_CONVERSION = YES;
				CLANG_WARN_INFINITE_RECURSION = YES;
				CLANG_WARN_INT_CONVERSION = YES;
				CLANG_WARN_NON_LITERAL_NULL_CONVERSION = YES;
				CLANG_WARN_OBJC_IMPLICIT_RETAIN_SELF = YES;
				CLANG_WARN_OBJC_LITERAL_CONVERSION = YES;
				CLANG_WARN_OBJC_ROOT_CLASS = YES_ERROR;
				CLANG_WARN_RANGE_LOOP_ANALYSIS = YES;
				CLANG_WARN_STRICT_PROTOTYPES = YES;
				CLANG_WARN_SUSPICIOUS_MOVE = YES;
				CLANG_WARN_UNGUARDED_AVAILABILITY = YES_AGGRESSIVE;
				CLANG_WARN_UNREACHABLE_CODE = YES;
				CLANG_WARN__DUPLICATE_METHOD_MATCH = YES;
				COPY_PHASE_STRIP = NO;
				DEBUG_INFORMATION_FORMAT = dwarf;
				ENABLE_STRICT_OBJC_MSGSEND = YES;
				ENABLE_TESTABILITY = YES;
				GCC_C_LANGUAGE_STANDARD = gnu11;
				GCC_DYNAMIC_NO_PIC = NO;
				GCC_NO_COMMON_BLOCKS = YES;
				GCC_OPTIMIZATION_LEVEL = 0;
				GCC_PREPROCESSOR_DEFINITIONS = (
					"DEBUG=1",
					"$(inherited)",
				);
				GCC_WARN_64_TO_32_BIT_CONVERSION = YES;
				GCC_WARN_ABOUT_RETURN_TYPE = YES_ERROR;
				GCC_WARN_UNDECLARED_SELECTOR = YES;
				GCC_WARN_UNINITIALIZED_AUTOS = YES_AGGRESSIVE;
				GCC_WARN_UNUSED_FUNCTION = YES;
				GCC_WARN_UNUSED_VARIABLE = YES;
				IPHONEOS_DEPLOYMENT_TARGET = 13.2;
				MTL_ENABLE_DEBUG_INFO = INCLUDE_SOURCE;
				MTL_FAST_MATH = YES;
				ONLY_ACTIVE_ARCH = YES;
				SDKROOT = iphoneos;
				SWIFT_ACTIVE_COMPILATION_CONDITIONS = DEBUG;
				SWIFT_OPTIMIZATION_LEVEL = "-Onone";
			};
			name = Debug;
		};
		2EF9E8342476F4A300E122B8 /* Release */ = {
			isa = XCBuildConfiguration;
			buildSettings = {
				ALWAYS_SEARCH_USER_PATHS = NO;
				CLANG_ANALYZER_NONNULL = YES;
				CLANG_ANALYZER_NUMBER_OBJECT_CONVERSION = YES_AGGRESSIVE;
				CLANG_CXX_LANGUAGE_STANDARD = "gnu++14";
				CLANG_CXX_LIBRARY = "libc++";
				CLANG_ENABLE_MODULES = YES;
				CLANG_ENABLE_OBJC_ARC = YES;
				CLANG_ENABLE_OBJC_WEAK = YES;
				CLANG_WARN_BLOCK_CAPTURE_AUTORELEASING = YES;
				CLANG_WARN_BOOL_CONVERSION = YES;
				CLANG_WARN_COMMA = YES;
				CLANG_WARN_CONSTANT_CONVERSION = YES;
				CLANG_WARN_DEPRECATED_OBJC_IMPLEMENTATIONS = YES;
				CLANG_WARN_DIRECT_OBJC_ISA_USAGE = YES_ERROR;
				CLANG_WARN_DOCUMENTATION_COMMENTS = YES;
				CLANG_WARN_EMPTY_BODY = YES;
				CLANG_WARN_ENUM_CONVERSION = YES;
				CLANG_WARN_INFINITE_RECURSION = YES;
				CLANG_WARN_INT_CONVERSION = YES;
				CLANG_WARN_NON_LITERAL_NULL_CONVERSION = YES;
				CLANG_WARN_OBJC_IMPLICIT_RETAIN_SELF = YES;
				CLANG_WARN_OBJC_LITERAL_CONVERSION = YES;
				CLANG_WARN_OBJC_ROOT_CLASS = YES_ERROR;
				CLANG_WARN_RANGE_LOOP_ANALYSIS = YES;
				CLANG_WARN_STRICT_PROTOTYPES = YES;
				CLANG_WARN_SUSPICIOUS_MOVE = YES;
				CLANG_WARN_UNGUARDED_AVAILABILITY = YES_AGGRESSIVE;
				CLANG_WARN_UNREACHABLE_CODE = YES;
				CLANG_WARN__DUPLICATE_METHOD_MATCH = YES;
				COPY_PHASE_STRIP = NO;
				DEBUG_INFORMATION_FORMAT = "dwarf-with-dsym";
				ENABLE_NS_ASSERTIONS = NO;
				ENABLE_STRICT_OBJC_MSGSEND = YES;
				GCC_C_LANGUAGE_STANDARD = gnu11;
				GCC_NO_COMMON_BLOCKS = YES;
				GCC_WARN_64_TO_32_BIT_CONVERSION = YES;
				GCC_WARN_ABOUT_RETURN_TYPE = YES_ERROR;
				GCC_WARN_UNDECLARED_SELECTOR = YES;
				GCC_WARN_UNINITIALIZED_AUTOS = YES_AGGRESSIVE;
				GCC_WARN_UNUSED_FUNCTION = YES;
				GCC_WARN_UNUSED_VARIABLE = YES;
				IPHONEOS_DEPLOYMENT_TARGET = 13.2;
				MTL_ENABLE_DEBUG_INFO = NO;
				MTL_FAST_MATH = YES;
				SDKROOT = iphoneos;
				SWIFT_COMPILATION_MODE = wholemodule;
				SWIFT_OPTIMIZATION_LEVEL = "-O";
				VALIDATE_PRODUCT = YES;
			};
			name = Release;
		};
		2EF9E8362476F4A300E122B8 /* Debug */ = {
			isa = XCBuildConfiguration;
			baseConfigurationReference = CD458A4E7D97376DC7499C36 /* Pods-BuildBack.debug.xcconfig */;
			buildSettings = {
				ASSETCATALOG_COMPILER_APPICON_NAME = AppIcon;
				CODE_SIGN_STYLE = Automatic;
				DEVELOPMENT_TEAM = 2B2JQYS6HR;
				INFOPLIST_FILE = BuildBack/Info.plist;
				LD_RUNPATH_SEARCH_PATHS = (
					"$(inherited)",
					"@executable_path/Frameworks",
				);
				PRODUCT_BUNDLE_IDENTIFIER = Pursuit.BuildBack;
				PRODUCT_NAME = "$(TARGET_NAME)";
				SWIFT_VERSION = 5.0;
				TARGETED_DEVICE_FAMILY = "1,2";
			};
			name = Debug;
		};
		2EF9E8372476F4A300E122B8 /* Release */ = {
			isa = XCBuildConfiguration;
			baseConfigurationReference = F1FA372CAC67F163C0915C7F /* Pods-BuildBack.release.xcconfig */;
			buildSettings = {
				ASSETCATALOG_COMPILER_APPICON_NAME = AppIcon;
				CODE_SIGN_STYLE = Automatic;
				DEVELOPMENT_TEAM = 2B2JQYS6HR;
				INFOPLIST_FILE = BuildBack/Info.plist;
				LD_RUNPATH_SEARCH_PATHS = (
					"$(inherited)",
					"@executable_path/Frameworks",
				);
				PRODUCT_BUNDLE_IDENTIFIER = Pursuit.BuildBack;
				PRODUCT_NAME = "$(TARGET_NAME)";
				SWIFT_VERSION = 5.0;
				TARGETED_DEVICE_FAMILY = "1,2";
			};
			name = Release;
		};
		2EF9E8392476F4A300E122B8 /* Debug */ = {
			isa = XCBuildConfiguration;
			baseConfigurationReference = DB68E3FD786FB01C8CEA3F94 /* Pods-BuildBackTests.debug.xcconfig */;
			buildSettings = {
				ALWAYS_EMBED_SWIFT_STANDARD_LIBRARIES = YES;
				BUNDLE_LOADER = "$(TEST_HOST)";
				CODE_SIGN_STYLE = Automatic;
				DEVELOPMENT_TEAM = 2B2JQYS6HR;
				INFOPLIST_FILE = BuildBackTests/Info.plist;
				IPHONEOS_DEPLOYMENT_TARGET = 13.2;
				LD_RUNPATH_SEARCH_PATHS = (
					"$(inherited)",
					"@executable_path/Frameworks",
					"@loader_path/Frameworks",
				);
				PRODUCT_BUNDLE_IDENTIFIER = Pursuit.BuildBackTests;
				PRODUCT_NAME = "$(TARGET_NAME)";
				SWIFT_VERSION = 5.0;
				TARGETED_DEVICE_FAMILY = "1,2";
				TEST_HOST = "$(BUILT_PRODUCTS_DIR)/BuildBack.app/BuildBack";
			};
			name = Debug;
		};
		2EF9E83A2476F4A300E122B8 /* Release */ = {
			isa = XCBuildConfiguration;
			baseConfigurationReference = EBA8B3896F718719D5A71FC5 /* Pods-BuildBackTests.release.xcconfig */;
			buildSettings = {
				ALWAYS_EMBED_SWIFT_STANDARD_LIBRARIES = YES;
				BUNDLE_LOADER = "$(TEST_HOST)";
				CODE_SIGN_STYLE = Automatic;
				DEVELOPMENT_TEAM = 2B2JQYS6HR;
				INFOPLIST_FILE = BuildBackTests/Info.plist;
				IPHONEOS_DEPLOYMENT_TARGET = 13.2;
				LD_RUNPATH_SEARCH_PATHS = (
					"$(inherited)",
					"@executable_path/Frameworks",
					"@loader_path/Frameworks",
				);
				PRODUCT_BUNDLE_IDENTIFIER = Pursuit.BuildBackTests;
				PRODUCT_NAME = "$(TARGET_NAME)";
				SWIFT_VERSION = 5.0;
				TARGETED_DEVICE_FAMILY = "1,2";
				TEST_HOST = "$(BUILT_PRODUCTS_DIR)/BuildBack.app/BuildBack";
			};
			name = Release;
		};
/* End XCBuildConfiguration section */

/* Begin XCConfigurationList section */
		2EF9E80E2476F49F00E122B8 /* Build configuration list for PBXProject "BuildBack" */ = {
			isa = XCConfigurationList;
			buildConfigurations = (
				2EF9E8332476F4A300E122B8 /* Debug */,
				2EF9E8342476F4A300E122B8 /* Release */,
			);
			defaultConfigurationIsVisible = 0;
			defaultConfigurationName = Release;
		};
		2EF9E8352476F4A300E122B8 /* Build configuration list for PBXNativeTarget "BuildBack" */ = {
			isa = XCConfigurationList;
			buildConfigurations = (
				2EF9E8362476F4A300E122B8 /* Debug */,
				2EF9E8372476F4A300E122B8 /* Release */,
			);
			defaultConfigurationIsVisible = 0;
			defaultConfigurationName = Release;
		};
		2EF9E8382476F4A300E122B8 /* Build configuration list for PBXNativeTarget "BuildBackTests" */ = {
			isa = XCConfigurationList;
			buildConfigurations = (
				2EF9E8392476F4A300E122B8 /* Debug */,
				2EF9E83A2476F4A300E122B8 /* Release */,
			);
			defaultConfigurationIsVisible = 0;
			defaultConfigurationName = Release;
		};
/* End XCConfigurationList section */

/* Begin XCVersionGroup section */
		2EF9E81F2476F49F00E122B8 /* BuildBack.xcdatamodeld */ = {
			isa = XCVersionGroup;
			children = (
				2EF9E8202476F49F00E122B8 /* BuildBack.xcdatamodel */,
			);
			currentVersion = 2EF9E8202476F49F00E122B8 /* BuildBack.xcdatamodel */;
			path = BuildBack.xcdatamodeld;
			sourceTree = "<group>";
			versionGroupType = wrapper.xcdatamodel;
		};
/* End XCVersionGroup section */
	};
	rootObject = 2EF9E80B2476F49F00E122B8 /* Project object */;
}
